
Microsoft Visual Studio Solution File, Format Version 12.00
# Visual Studio Version 16
VisualStudioVersion = 16.0.30225.117
MinimumVisualStudioVersion = 10.0.40219.1
Project("{FAE04EC0-301F-11D3-BF4B-00C04F79EFBC}") = "GoofySchool", "GoofySchool\GoofySchool.csproj", "{C9487F45-DAC5-4168-A9BB-F1819D564C4C}"
EndProject
Global
	GlobalSection(SolutionConfigurationPlatforms) = preSolution
		Debug|Any CPU = Debug|Any CPU
		Release|Any CPU = Release|Any CPU
	EndGlobalSection
	GlobalSection(ProjectConfigurationPlatforms) = postSolution
		{C9487F45-DAC5-4168-A9BB-F1819D564C4C}.Debug|Any CPU.ActiveCfg = Debug|Any CPU
		{C9487F45-DAC5-4168-A9BB-F1819D564C4C}.Debug|Any CPU.Build.0 = Debug|Any CPU
		{C9487F45-DAC5-4168-A9BB-F1819D564C4C}.Release|Any CPU.ActiveCfg = Release|Any CPU
		{C9487F45-DAC5-4168-A9BB-F1819D564C4C}.Release|Any CPU.Build.0 = Release|Any CPU
	EndGlobalSection
	GlobalSection(SolutionProperties) = preSolution
		HideSolutionNode = FALSE
	EndGlobalSection
	GlobalSection(ExtensibilityGlobals) = postSolution
		SolutionGuid = {445EA9DF-8758-4E29-9470-07239A0CC7C4}
	EndGlobalSection
EndGlobal
